
Microsoft Visual Studio Solution File, Format Version 12.00
# Visual Studio Version 16
VisualStudioVersion = 16.0.29613.14
MinimumVisualStudioVersion = 10.0.40219.1
Project("{9A19103F-16F7-4668-BE54-9A1E7A4F7556}") = "RadeonSoftwareSlimmer", "src\RadeonSoftwareSlimmer\RadeonSoftwareSlimmer.csproj", "{A57F631F-11BB-4D48-A795-B90039733F4C}"
EndProject
Project("{2150E333-8FDC-42A3-9474-1A3956D46DE8}") = "Solution Items", "Solution Items", "{7785ED3B-B4D4-41C1-AEBF-002B25AB3E38}"
	ProjectSection(SolutionItems) = preProject
		.gitignore = .gitignore
		coverage.runsettings = coverage.runsettings
		local-ci.ps1 = local-ci.ps1
		README.md = README.md
	EndProjectSection
EndProject
Project("{D954291E-2A0B-460D-934E-DC6B0785DB48}") = "Shared", "src\Shared\Shared.shproj", "{9B80E4B0-8113-4FD6-A3B2-F67E98604F6C}"
EndProject
Project("{9A19103F-16F7-4668-BE54-9A1E7A4F7556}") = "RadeonSoftwareSlimmer.Test", "test\RadeonSoftwareSlimmer.Test\RadeonSoftwareSlimmer.Test.csproj", "{16BE9BC0-E55D-47B2-9B57-4F7D5D18220B}"
EndProject
Project("{2150E333-8FDC-42A3-9474-1A3956D46DE8}") = "Build", "Build", "{B73937D2-4C0D-4EC0-ACA0-31C448CAB8A2}"
	ProjectSection(SolutionItems) = preProject
		build\publish.ps1 = build\publish.ps1
		build\release-notes-template.md = build\release-notes-template.md
		build\test.ps1 = build\test.ps1
	EndProjectSection
EndProject
Project("{2150E333-8FDC-42A3-9474-1A3956D46DE8}") = "GitHubWorkflow", "GitHubWorkflow", "{8326CBBC-94B3-4283-9B94-28783CE2D216}"
	ProjectSection(SolutionItems) = preProject
		.github\workflows\continuous-integration.yml = .github\workflows\continuous-integration.yml
		.github\workflows\pre-release.yml = .github\workflows\pre-release.yml
		.github\workflows\release.yml = .github\workflows\release.yml
	EndProjectSection
EndProject
Global
	GlobalSection(SharedMSBuildProjectFiles) = preSolution
		src\Shared\Shared.projitems*{a57f631f-11bb-4d48-a795-b90039733f4c}*SharedItemsImports = 5
	EndGlobalSection
	GlobalSection(SolutionConfigurationPlatforms) = preSolution
		Debug|x64 = Debug|x64
		Release|x64 = Release|x64
	EndGlobalSection
	GlobalSection(ProjectConfigurationPlatforms) = postSolution
		{A57F631F-11BB-4D48-A795-B90039733F4C}.Debug|x64.ActiveCfg = Debug|x64
		{A57F631F-11BB-4D48-A795-B90039733F4C}.Debug|x64.Build.0 = Debug|x64
		{A57F631F-11BB-4D48-A795-B90039733F4C}.Release|x64.ActiveCfg = Release|x64
		{A57F631F-11BB-4D48-A795-B90039733F4C}.Release|x64.Build.0 = Release|x64
		{16BE9BC0-E55D-47B2-9B57-4F7D5D18220B}.Debug|x64.ActiveCfg = Debug|x64
		{16BE9BC0-E55D-47B2-9B57-4F7D5D18220B}.Debug|x64.Build.0 = Debug|x64
		{16BE9BC0-E55D-47B2-9B57-4F7D5D18220B}.Release|x64.ActiveCfg = Release|x64
		{16BE9BC0-E55D-47B2-9B57-4F7D5D18220B}.Release|x64.Build.0 = Release|x64
	EndGlobalSection
	GlobalSection(SolutionProperties) = preSolution
		HideSolutionNode = FALSE
	EndGlobalSection
	GlobalSection(NestedProjects) = preSolution
		{B73937D2-4C0D-4EC0-ACA0-31C448CAB8A2} = {7785ED3B-B4D4-41C1-AEBF-002B25AB3E38}
		{8326CBBC-94B3-4283-9B94-28783CE2D216} = {7785ED3B-B4D4-41C1-AEBF-002B25AB3E38}
	EndGlobalSection
	GlobalSection(ExtensibilityGlobals) = postSolution
		SolutionGuid = {BACD17E6-3BDC-4AA0-AC9E-54786CEB483D}
	EndGlobalSection
EndGlobal
